
Microsoft Visual Studio Solution File, Format Version 12.00
# Visual Studio Version 16
VisualStudioVersion = 16.0.29215.179
MinimumVisualStudioVersion = 10.0.40219.1
Project("{FAE04EC0-301F-11D3-BF4B-00C04F79EFBC}") = "RavenDbDemo", "RavenDbDemo\RavenDbDemo.csproj", "{DFF714FB-3710-4B7B-A6A0-59CD2BB6C724}"
EndProject
Global
	GlobalSection(SolutionConfigurationPlatforms) = preSolution
		Debug|Any CPU = Debug|Any CPU
		Release|Any CPU = Release|Any CPU
	EndGlobalSection
	GlobalSection(ProjectConfigurationPlatforms) = postSolution
		{DFF714FB-3710-4B7B-A6A0-59CD2BB6C724}.Debug|Any CPU.ActiveCfg = Debug|Any CPU
		{DFF714FB-3710-4B7B-A6A0-59CD2BB6C724}.Debug|Any CPU.Build.0 = Debug|Any CPU
		{DFF714FB-3710-4B7B-A6A0-59CD2BB6C724}.Release|Any CPU.ActiveCfg = Release|Any CPU
		{DFF714FB-3710-4B7B-A6A0-59CD2BB6C724}.Release|Any CPU.Build.0 = Release|Any CPU
	EndGlobalSection
	GlobalSection(SolutionProperties) = preSolution
		HideSolutionNode = FALSE
	EndGlobalSection
	GlobalSection(ExtensibilityGlobals) = postSolution
		SolutionGuid = {C5BC4D81-93AE-4744-A25D-4C178C24BE16}
	EndGlobalSection
EndGlobal
