
Microsoft Visual Studio Solution File, Format Version 12.00
# Visual Studio Version 16
VisualStudioVersion = 16.0.29215.179
MinimumVisualStudioVersion = 10.0.40219.1
Project("{FAE04EC0-301F-11D3-BF4B-00C04F79EFBC}") = "RavenDbDemo.Api", "RavenDbDemo.Api\RavenDbDemo.Api.csproj", "{F9F74DB5-A799-42F2-A60B-0FC275772D30}"
EndProject
Global
	GlobalSection(SolutionConfigurationPlatforms) = preSolution
		Debug|Any CPU = Debug|Any CPU
		Release|Any CPU = Release|Any CPU
	EndGlobalSection
	GlobalSection(ProjectConfigurationPlatforms) = postSolution
		{F9F74DB5-A799-42F2-A60B-0FC275772D30}.Debug|Any CPU.ActiveCfg = Debug|Any CPU
		{F9F74DB5-A799-42F2-A60B-0FC275772D30}.Debug|Any CPU.Build.0 = Debug|Any CPU
		{F9F74DB5-A799-42F2-A60B-0FC275772D30}.Release|Any CPU.ActiveCfg = Release|Any CPU
		{F9F74DB5-A799-42F2-A60B-0FC275772D30}.Release|Any CPU.Build.0 = Release|Any CPU
	EndGlobalSection
	GlobalSection(SolutionProperties) = preSolution
		HideSolutionNode = FALSE
	EndGlobalSection
	GlobalSection(ExtensibilityGlobals) = postSolution
		SolutionGuid = {C5BC4D81-93AE-4744-A25D-4C178C24BE16}
	EndGlobalSection
EndGlobal
